
Microsoft Visual Studio Solution File, Format Version 12.00
# Visual Studio 15
VisualStudioVersion = 15.0.28010.2036
MinimumVisualStudioVersion = 10.0.40219.1
Project("{FAE04EC0-301F-11D3-BF4B-00C04F79EFBC}") = "ConsoleApp7", "ConsoleApp7\ConsoleApp7.csproj", "{1EB62B14-CC88-4DD0-A432-26B79F412305}"
EndProject
Global
	GlobalSection(SolutionConfigurationPlatforms) = preSolution
		Debug|Any CPU = Debug|Any CPU
		Release|Any CPU = Release|Any CPU
	EndGlobalSection
	GlobalSection(ProjectConfigurationPlatforms) = postSolution
		{1EB62B14-CC88-4DD0-A432-26B79F412305}.Debug|Any CPU.ActiveCfg = Debug|Any CPU
		{1EB62B14-CC88-4DD0-A432-26B79F412305}.Debug|Any CPU.Build.0 = Debug|Any CPU
		{1EB62B14-CC88-4DD0-A432-26B79F412305}.Release|Any CPU.ActiveCfg = Release|Any CPU
		{1EB62B14-CC88-4DD0-A432-26B79F412305}.Release|Any CPU.Build.0 = Release|Any CPU
	EndGlobalSection
	GlobalSection(SolutionProperties) = preSolution
		HideSolutionNode = FALSE
	EndGlobalSection
	GlobalSection(ExtensibilityGlobals) = postSolution
		SolutionGuid = {89C7F765-1B98-43A6-8560-53FA3685AAE8}
	EndGlobalSection
EndGlobal
